PODS:
  - AnimatedSearchBar (0.1)

DEPENDENCIES:
  - AnimatedSearchBar (from `https://github.com/luiyezheng/AnimatedSearchBar.git`)

EXTERNAL SOURCES:
  AnimatedSearchBar:
    :git: https://github.com/luiyezheng/AnimatedSearchBar.git

CHECKOUT OPTIONS:
  AnimatedSearchBar:
    :commit: 3cce89c7523ae88907ba92482380f06d9110ee92
    :git: https://github.com/luiyezheng/AnimatedSearchBar.git

SPEC CHECKSUMS:
  AnimatedSearchBar: 03f3d86a40bbc281c5ddec84919fe56a91947964

COCOAPODS: 0.39.0
