// !$*UTF8*$!
{
	archiveVersion = 1;
	classes = {
	};
	objectVersion = 46;
	objects = {

/* Begin PBXBuildFile section */
		1877B6B41CD9F3DF00B3CF9D /* AppDelegate.swift in Sources */ = {isa = PBXBuildFile; fileRef = 1877B6B31CD9F3DF00B3CF9D /* AppDelegate.swift */; };
		1877B6B61CD9F3DF00B3CF9D /* ViewController.swift in Sources */ = {isa = PBXBuildFile; fileRef = 1877B6B51CD9F3DF00B3CF9D /* ViewController.swift */; };
		1877B6B91CD9F3DF00B3CF9D /* Main.storyboard in Resources */ = {isa = PBXBuildFile; fileRef = 1877B6B71CD9F3DF00B3CF9D /* Main.storyboard */; };
		1877B6BB1CD9F3DF00B3CF9D /* Assets.xcassets in Resources */ = {isa = PBXBuildFile; fileRef = 1877B6BA1CD9F3DF00B3CF9D /* Assets.xcassets */; };
		1877B6BE1CD9F3DF00B3CF9D /* LaunchScreen.storyboard in Resources */ = {isa = PBXBuildFile; fileRef = 1877B6BC1CD9F3DF00B3CF9D /* LaunchScreen.storyboard */; };
		1877B6C91CD9F3DF00B3CF9D /* AnimatedSearchBarTests.swift in Sources */ = {isa = PBXBuildFile; fileRef = 1877B6C81CD9F3DF00B3CF9D /* AnimatedSearchBarTests.swift */; };
		1877B6D71CDA28AC00B3CF9D /* AnimatedSearchBar.swift in Sources */ = {isa = PBXBuildFile; fileRef = 1877B6D61CDA28AC00B3CF9D /* AnimatedSearchBar.swift */; };
/* End PBXBuildFile section */

/* Begin PBXContainerItemProxy section */
		1877B6C51CD9F3DF00B3CF9D /* PBXContainerItemProxy */ = {
			isa = PBXContainerItemProxy;
			containerPortal = 1877B6A81CD9F3DF00B3CF9D /* Project object */;
			proxyType = 1;
			remoteGlobalIDString = 1877B6AF1CD9F3DF00B3CF9D;
			remoteInfo = AnimatedSearchBar;
		};
/* End PBXContainerItemProxy section */

/* Begin PBXFileReference section */
		1877B6B01CD9F3DF00B3CF9D /* AnimatedSearchBar.app */ = {isa = PBXFileReference; explicitFileType = wrapper.application; includeInIndex = 0; path = AnimatedSearchBar.app; sourceTree = BUILT_PRODUCTS_DIR; };
		1877B6B31CD9F3DF00B3CF9D /* AppDelegate.swift */ = {isa = PBXFileReference; lastKnownFileType = sourcecode.swift; path = AppDelegate.swift; sourceTree = "<group>"; };
		1877B6B51CD9F3DF00B3CF9D /* ViewController.swift */ = {isa = PBXFileReference; lastKnownFileType = sourcecode.swift; path = ViewController.swift; sourceTree = "<group>"; };
		1877B6B81CD9F3DF00B3CF9D /* Base */ = {isa = PBXFileReference; lastKnownFileType = file.storyboard; name = Base; path = Base.lproj/Main.storyboard; sourceTree = "<group>"; };
		1877B6BA1CD9F3DF00B3CF9D /* Assets.xcassets */ = {isa = PBXFileReference; lastKnownFileType = folder.assetcatalog; path = Assets.xcassets; sourceTree = "<group>"; };
		1877B6BD1CD9F3DF00B3CF9D /* Base */ = {isa = PBXFileReference; lastKnownFileType = file.storyboard; name = Base; path = Base.lproj/LaunchScreen.storyboard; sourceTree = "<group>"; };
		1877B6BF1CD9F3DF00B3CF9D /* Info.plist */ = {isa = PBXFileReference; lastKnownFileType = text.plist.xml; path = Info.plist; sourceTree = "<group>"; };
		1877B6C41CD9F3DF00B3CF9D /* AnimatedSearchBarTests.xctest */ = {isa = PBXFileReference; explicitFileType = wrapper.cfbundle; includeInIndex = 0; path = AnimatedSearchBarTests.xctest; sourceTree = BUILT_PRODUCTS_DIR; };
		1877B6C81CD9F3DF00B3CF9D /* AnimatedSearchBarTests.swift */ = {isa = PBXFileReference; lastKnownFileType = sourcecode.swift; path = AnimatedSearchBarTests.swift; sourceTree = "<group>"; };
		1877B6CA1CD9F3DF00B3CF9D /* Info.plist */ = {isa = PBXFileReference; lastKnownFileType = text.plist.xml; path = Info.plist; sourceTree = "<group>"; };
		1877B6D61CDA28AC00B3CF9D /* AnimatedSearchBar.swift */ = {isa = PBXFileReference; fileEncoding = 4; lastKnownFileType = sourcecode.swift; name = AnimatedSearchBar.swift; path = Source/AnimatedSearchBar.swift; sourceTree = "<group>"; };
/* End PBXFileReference section */

/* Begin PBXFrameworksBuildPhase section */
		1877B6AD1CD9F3DF00B3CF9D /* Frameworks */ = {
			isa = PBXFrameworksBuildPhase;
			buildActionMask = 2147483647;
			files = (
			);
			runOnlyForDeploymentPostprocessing = 0;
		};
		1877B6C11CD9F3DF00B3CF9D /* Frameworks */ = {
			isa = PBXFrameworksBuildPhase;
			buildActionMask = 2147483647;
			files = (
			);
			runOnlyForDeploymentPostprocessing = 0;
		};
/* End PBXFrameworksBuildPhase section */

/* Begin PBXGroup section */
		1877B6A71CD9F3DF00B3CF9D = {
			isa = PBXGroup;
			children = (
				1877B6D31CD9F40F00B3CF9D /* Source */,
				1877B6B21CD9F3DF00B3CF9D /* AnimatedSearchBar */,
				1877B6C71CD9F3DF00B3CF9D /* AnimatedSearchBarTests */,
				1877B6B11CD9F3DF00B3CF9D /* Products */,
			);
			sourceTree = "<group>";
		};
		1877B6B11CD9F3DF00B3CF9D /* Products */ = {
			isa = PBXGroup;
			children = (
				1877B6B01CD9F3DF00B3CF9D /* AnimatedSearchBar.app */,
				1877B6C41CD9F3DF00B3CF9D /* AnimatedSearchBarTests.xctest */,
			);
			name = Products;
			sourceTree = "<group>";
		};
		1877B6B21CD9F3DF00B3CF9D /* AnimatedSearchBar */ = {
			isa = PBXGroup;
			children = (
				1877B6B31CD9F3DF00B3CF9D /* AppDelegate.swift */,
				1877B6B51CD9F3DF00B3CF9D /* ViewController.swift */,
				1877B6B71CD9F3DF00B3CF9D /* Main.storyboard */,
				1877B6BA1CD9F3DF00B3CF9D /* Assets.xcassets */,
				1877B6BC1CD9F3DF00B3CF9D /* LaunchScreen.storyboard */,
				1877B6BF1CD9F3DF00B3CF9D /* Info.plist */,
			);
			path = AnimatedSearchBar;
			sourceTree = "<group>";
		};
		1877B6C71CD9F3DF00B3CF9D /* AnimatedSearchBarTests */ = {
			isa = PBXGroup;
			children = (
				1877B6C81CD9F3DF00B3CF9D /* AnimatedSearchBarTests.swift */,
				1877B6CA1CD9F3DF00B3CF9D /* Info.plist */,
			);
			path = AnimatedSearchBarTests;
			sourceTree = "<group>";
		};
		1877B6D31CD9F40F00B3CF9D /* Source */ = {
			isa = PBXGroup;
			children = (
				1877B6D61CDA28AC00B3CF9D /* AnimatedSearchBar.swift */,
			);
			name = Source;
			sourceTree = "<group>";
		};
/* End PBXGroup section */

/* Begin PBXNativeTarget section */
		1877B6AF1CD9F3DF00B3CF9D /* AnimatedSearchBar */ = {
			isa = PBXNativeTarget;
			buildConfigurationList = 1877B6CD1CD9F3DF00B3CF9D /* Build configuration list for PBXNativeTarget "AnimatedSearchBar" */;
			buildPhases = (
				1877B6AC1CD9F3DF00B3CF9D /* Sources */,
				1877B6AD1CD9F3DF00B3CF9D /* Frameworks */,
				1877B6AE1CD9F3DF00B3CF9D /* Resources */,
			);
			buildRules = (
			);
			dependencies = (
			);
			name = AnimatedSearchBar;
			productName = AnimatedSearchBar;
			productReference = 1877B6B01CD9F3DF00B3CF9D /* AnimatedSearchBar.app */;
			productType = "com.apple.product-type.application";
		};
		1877B6C31CD9F3DF00B3CF9D /* AnimatedSearchBarTests */ = {
			isa = PBXNativeTarget;
			buildConfigurationList = 1877B6D01CD9F3DF00B3CF9D /* Build configuration list for PBXNativeTarget "AnimatedSearchBarTests" */;
			buildPhases = (
				1877B6C01CD9F3DF00B3CF9D /* Sources */,
				1877B6C11CD9F3DF00B3CF9D /* Frameworks */,
				1877B6C21CD9F3DF00B3CF9D /* Resources */,
			);
			buildRules = (
			);
			dependencies = (
				1877B6C61CD9F3DF00B3CF9D /* PBXTargetDependency */,
			);
			name = AnimatedSearchBarTests;
			productName = AnimatedSearchBarTests;
			productReference = 1877B6C41CD9F3DF00B3CF9D /* AnimatedSearchBarTests.xctest */;
			productType = "com.apple.product-type.bundle.unit-test";
		};
/* End PBXNativeTarget section */

/* Begin PBXProject section */
		1877B6A81CD9F3DF00B3CF9D /* Project object */ = {
			isa = PBXProject;
			attributes = {
				LastSwiftUpdateCheck = 0730;
				LastUpgradeCheck = 0730;
				ORGANIZATIONNAME = luiyezheng;
				TargetAttributes = {
					1877B6AF1CD9F3DF00B3CF9D = {
						CreatedOnToolsVersion = 7.3;
					};
					1877B6C31CD9F3DF00B3CF9D = {
						CreatedOnToolsVersion = 7.3;
						TestTargetID = 1877B6AF1CD9F3DF00B3CF9D;
					};
				};
			};
			buildConfigurationList = 1877B6AB1CD9F3DF00B3CF9D /* Build configuration list for PBXProject "AnimatedSearchBar" */;
			compatibilityVersion = "Xcode 3.2";
			developmentRegion = English;
			hasScannedForEncodings = 0;
			knownRegions = (
				en,
				Base,
			);
			mainGroup = 1877B6A71CD9F3DF00B3CF9D;
			productRefGroup = 1877B6B11CD9F3DF00B3CF9D /* Products */;
			projectDirPath = "";
			projectRoot = "";
			targets = (
				1877B6AF1CD9F3DF00B3CF9D /* AnimatedSearchBar */,
				1877B6C31CD9F3DF00B3CF9D /* AnimatedSearchBarTests */,
			);
		};
/* End PBXProject section */

/* Begin PBXResourcesBuildPhase section */
		1877B6AE1CD9F3DF00B3CF9D /* Resources */ = {
			isa = PBXResourcesBuildPhase;
			buildActionMask = 2147483647;
			files = (
				1877B6BE1CD9F3DF00B3CF9D /* LaunchScreen.storyboard in Resources */,
				1877B6BB1CD9F3DF00B3CF9D /* Assets.xcassets in Resources */,
				1877B6B91CD9F3DF00B3CF9D /* Main.storyboard in Resources */,
			);
			runOnlyForDeploymentPostprocessing = 0;
		};
		1877B6C21CD9F3DF00B3CF9D /* Resources */ = {
			isa = PBXResourcesBuildPhase;
			buildActionMask = 2147483647;
			files = (
			);
			runOnlyForDeploymentPostprocessing = 0;
		};
/* End PBXResourcesBuildPhase section */

/* Begin PBXSourcesBuildPhase section */
		1877B6AC1CD9F3DF00B3CF9D /* Sources */ = {
			isa = PBXSourcesBuildPhase;
			buildActionMask = 2147483647;
			files = (
				1877B6B61CD9F3DF00B3CF9D /* ViewController.swift in Sources */,
				1877B6B41CD9F3DF00B3CF9D /* AppDelegate.swift in Sources */,
				1877B6D71CDA28AC00B3CF9D /* AnimatedSearchBar.swift in Sources */,
			);
			runOnlyForDeploymentPostprocessing = 0;
		};
		1877B6C01CD9F3DF00B3CF9D /* Sources */ = {
			isa = PBXSourcesBuildPhase;
			buildActionMask = 2147483647;
			files = (
				1877B6C91CD9F3DF00B3CF9D /* AnimatedSearchBarTests.swift in Sources */,
			);
			runOnlyForDeploymentPostprocessing = 0;
		};
/* End PBXSourcesBuildPhase section */

/* Begin PBXTargetDependency section */
		1877B6C61CD9F3DF00B3CF9D /* PBXTargetDependency */ = {
			isa = PBXTargetDependency;
			target = 1877B6AF1CD9F3DF00B3CF9D /* AnimatedSearchBar */;
			targetProxy = 1877B6C51CD9F3DF00B3CF9D /* PBXContainerItemProxy */;
		};
/* End PBXTargetDependency section */

/* Begin PBXVariantGroup section */
		1877B6B71CD9F3DF00B3CF9D /* Main.storyboard */ = {
			isa = PBXVariantGroup;
			children = (
				1877B6B81CD9F3DF00B3CF9D /* Base */,
			);
			name = Main.storyboard;
			sourceTree = "<group>";
		};
		1877B6BC1CD9F3DF00B3CF9D /* LaunchScreen.storyboard */ = {
			isa = PBXVariantGroup;
			children = (
				1877B6BD1CD9F3DF00B3CF9D /* Base */,
			);
			name = LaunchScreen.storyboard;
			sourceTree = "<group>";
		};
/* End PBXVariantGroup section */

/* Begin XCBuildConfiguration section */
		1877B6CB1CD9F3DF00B3CF9D /* Debug */ = {
			isa = XCBuildConfiguration;
			buildSettings = {
				ALWAYS_SEARCH_USER_PATHS = NO;
				CLANG_ANALYZER_NONNULL = YES;
				CLANG_CXX_LANGUAGE_STANDARD = "gnu++0x";
				CLANG_CXX_LIBRARY = "libc++";
				CLANG_ENABLE_MODULES = YES;
				CLANG_ENABLE_OBJC_ARC = YES;
				CLANG_WARN_BOOL_CONVERSION = YES;
				CLANG_WARN_CONSTANT_CONVERSION = YES;
				CLANG_WARN_DIRECT_OBJC_ISA_USAGE = YES_ERROR;
				CLANG_WARN_EMPTY_BODY = YES;
				CLANG_WARN_ENUM_CONVERSION = YES;
				CLANG_WARN_INT_CONVERSION = YES;
				CLANG_WARN_OBJC_ROOT_CLASS = YES_ERROR;
				CLANG_WARN_UNREACHABLE_CODE = YES;
				CLANG_WARN__DUPLICATE_METHOD_MATCH = YES;
				"CODE_SIGN_IDENTITY[sdk=iphoneos*]" = "iPhone Developer";
				COPY_PHASE_STRIP = NO;
				DEBUG_INFORMATION_FORMAT = dwarf;
				ENABLE_STRICT_OBJC_MSGSEND = YES;
				ENABLE_TESTABILITY = YES;
				GCC_C_LANGUAGE_STANDARD = gnu99;
				GCC_DYNAMIC_NO_PIC = NO;
				GCC_NO_COMMON_BLOCKS = YES;
				GCC_OPTIMIZATION_LEVEL = 0;
				GCC_PREPROCESSOR_DEFINITIONS = (
					"DEBUG=1",
					"$(inherited)",
				);
				GCC_WARN_64_TO_32_BIT_CONVERSION = YES;
				GCC_WARN_ABOUT_RETURN_TYPE = YES_ERROR;
				GCC_WARN_UNDECLARED_SELECTOR = YES;
				GCC_WARN_UNINITIALIZED_AUTOS = YES_AGGRESSIVE;
				GCC_WARN_UNUSED_FUNCTION = YES;
				GCC_WARN_UNUSED_VARIABLE = YES;
				IPHONEOS_DEPLOYMENT_TARGET = 9.3;
				MTL_ENABLE_DEBUG_INFO = YES;
				ONLY_ACTIVE_ARCH = YES;
				SDKROOT = iphoneos;
				SWIFT_OPTIMIZATION_LEVEL = "-Onone";
				TARGETED_DEVICE_FAMILY = "1,2";
			};
			name = Debug;
		};
		1877B6CC1CD9F3DF00B3CF9D /* Release */ = {
			isa = XCBuildConfiguration;
			buildSettings = {
				ALWAYS_SEARCH_USER_PATHS = NO;
				CLANG_ANALYZER_NONNULL = YES;
				CLANG_CXX_LANGUAGE_STANDARD = "gnu++0x";
				CLANG_CXX_LIBRARY = "libc++";
				CLANG_ENABLE_MODULES = YES;
				CLANG_ENABLE_OBJC_ARC = YES;
				CLANG_WARN_BOOL_CONVERSION = YES;
				CLANG_WARN_CONSTANT_CONVERSION = YES;
				CLANG_WARN_DIRECT_OBJC_ISA_USAGE = YES_ERROR;
				CLANG_WARN_EMPTY_BODY = YES;
				CLANG_WARN_ENUM_CONVERSION = YES;
				CLANG_WARN_INT_CONVERSION = YES;
				CLANG_WARN_OBJC_ROOT_CLASS = YES_ERROR;
				CLANG_WARN_UNREACHABLE_CODE = YES;
				CLANG_WARN__DUPLICATE_METHOD_MATCH = YES;
				"CODE_SIGN_IDENTITY[sdk=iphoneos*]" = "iPhone Developer";
				COPY_PHASE_STRIP = NO;
				DEBUG_INFORMATION_FORMAT = "dwarf-with-dsym";
				ENABLE_NS_ASSERTIONS = NO;
				ENABLE_STRICT_OBJC_MSGSEND = YES;
				GCC_C_LANGUAGE_STANDARD = gnu99;
				GCC_NO_COMMON_BLOCKS = YES;
				GCC_WARN_64_TO_32_BIT_CONVERSION = YES;
				GCC_WARN_ABOUT_RETURN_TYPE = YES_ERROR;
				GCC_WARN_UNDECLARED_SELECTOR = YES;
				GCC_WARN_UNINITIALIZED_AUTOS = YES_AGGRESSIVE;
				GCC_WARN_UNUSED_FUNCTION = YES;
				GCC_WARN_UNUSED_VARIABLE = YES;
				IPHONEOS_DEPLOYMENT_TARGET = 9.3;
				MTL_ENABLE_DEBUG_INFO = NO;
				SDKROOT = iphoneos;
				TARGETED_DEVICE_FAMILY = "1,2";
				VALIDATE_PRODUCT = YES;
			};
			name = Release;
		};
		1877B6CE1CD9F3DF00B3CF9D /* Debug */ = {
			isa = XCBuildConfiguration;
			buildSettings = {
				ASSETCATALOG_COMPILER_APPICON_NAME = AppIcon;
				INFOPLIST_FILE = AnimatedSearchBar/Info.plist;
				LD_RUNPATH_SEARCH_PATHS = "$(inherited) @executable_path/Frameworks";
				PRODUCT_BUNDLE_IDENTIFIER = luiyezheng.AnimatedSearchBar;
				PRODUCT_NAME = "$(TARGET_NAME)";
			};
			name = Debug;
		};
		1877B6CF1CD9F3DF00B3CF9D /* Release */ = {
			isa = XCBuildConfiguration;
			buildSettings = {
				ASSETCATALOG_COMPILER_APPICON_NAME = AppIcon;
				INFOPLIST_FILE = AnimatedSearchBar/Info.plist;
				LD_RUNPATH_SEARCH_PATHS = "$(inherited) @executable_path/Frameworks";
				PRODUCT_BUNDLE_IDENTIFIER = luiyezheng.AnimatedSearchBar;
				PRODUCT_NAME = "$(TARGET_NAME)";
			};
			name = Release;
		};
		1877B6D11CD9F3DF00B3CF9D /* Debug */ = {
			isa = XCBuildConfiguration;
			buildSettings = {
				BUNDLE_LOADER = "$(TEST_HOST)";
				INFOPLIST_FILE = AnimatedSearchBarTests/Info.plist;
				LD_RUNPATH_SEARCH_PATHS = "$(inherited) @executable_path/Frameworks @loader_path/Frameworks";
				PRODUCT_BUNDLE_IDENTIFIER = luiyezheng.AnimatedSearchBarTests;
				PRODUCT_NAME = "$(TARGET_NAME)";
				TEST_HOST = "$(BUILT_PRODUCTS_DIR)/AnimatedSearchBar.app/AnimatedSearchBar";
			};
			name = Debug;
		};
		1877B6D21CD9F3DF00B3CF9D /* Release */ = {
			isa = XCBuildConfiguration;
			buildSettings = {
				BUNDLE_LOADER = "$(TEST_HOST)";
				INFOPLIST_FILE = AnimatedSearchBarTests/Info.plist;
				LD_RUNPATH_SEARCH_PATHS = "$(inherited) @executable_path/Frameworks @loader_path/Frameworks";
				PRODUCT_BUNDLE_IDENTIFIER = luiyezheng.AnimatedSearchBarTests;
				PRODUCT_NAME = "$(TARGET_NAME)";
				TEST_HOST = "$(BUILT_PRODUCTS_DIR)/AnimatedSearchBar.app/AnimatedSearchBar";
			};
			name = Release;
		};
/* End XCBuildConfiguration section */

/* Begin XCConfigurationList section */
		1877B6AB1CD9F3DF00B3CF9D /* Build configuration list for PBXProject "AnimatedSearchBar" */ = {
			isa = XCConfigurationList;
			buildConfigurations = (
				1877B6CB1CD9F3DF00B3CF9D /* Debug */,
				1877B6CC1CD9F3DF00B3CF9D /* Release */,
			);
			defaultConfigurationIsVisible = 0;
			defaultConfigurationName = Release;
		};
		1877B6CD1CD9F3DF00B3CF9D /* Build configuration list for PBXNativeTarget "AnimatedSearchBar" */ = {
			isa = XCConfigurationList;
			buildConfigurations = (
				1877B6CE1CD9F3DF00B3CF9D /* Debug */,
				1877B6CF1CD9F3DF00B3CF9D /* Release */,
			);
			defaultConfigurationIsVisible = 0;
			defaultConfigurationName = Release;
		};
		1877B6D01CD9F3DF00B3CF9D /* Build configuration list for PBXNativeTarget "AnimatedSearchBarTests" */ = {
			isa = XCConfigurationList;
			buildConfigurations = (
				1877B6D11CD9F3DF00B3CF9D /* Debug */,
				1877B6D21CD9F3DF00B3CF9D /* Release */,
			);
			defaultConfigurationIsVisible = 0;
			defaultConfigurationName = Release;
		};
/* End XCConfigurationList section */
	};
	rootObject = 1877B6A81CD9F3DF00B3CF9D /* Project object */;
}
