// !$*UTF8*$!
{
	archiveVersion = 1;
	classes = {
	};
	objectVersion = 46;
	objects = {

/* Begin PBXBuildFile section */
		1877B7111CDA488700B3CF9D /* AppDelegate.swift in Sources */ = {isa = PBXBuildFile; fileRef = 1877B7101CDA488700B3CF9D /* AppDelegate.swift */; };
		1877B7131CDA488700B3CF9D /* ViewController.swift in Sources */ = {isa = PBXBuildFile; fileRef = 1877B7121CDA488700B3CF9D /* ViewController.swift */; };
		1877B7161CDA488700B3CF9D /* Main.storyboard in Resources */ = {isa = PBXBuildFile; fileRef = 1877B7141CDA488700B3CF9D /* Main.storyboard */; };
		1877B7181CDA488700B3CF9D /* Assets.xcassets in Resources */ = {isa = PBXBuildFile; fileRef = 1877B7171CDA488700B3CF9D /* Assets.xcassets */; };
		1877B71B1CDA488700B3CF9D /* LaunchScreen.storyboard in Resources */ = {isa = PBXBuildFile; fileRef = 1877B7191CDA488700B3CF9D /* LaunchScreen.storyboard */; };
		1877B7261CDA488700B3CF9D /* ExampleTests.swift in Sources */ = {isa = PBXBuildFile; fileRef = 1877B7251CDA488700B3CF9D /* ExampleTests.swift */; };
		1877B7351CDA51EF00B3CF9D /* AnimatedSearchBar.swift in Sources */ = {isa = PBXBuildFile; fileRef = 1877B7341CDA51EF00B3CF9D /* AnimatedSearchBar.swift */; };
		BB45E270492917B2B334C9ED /* Pods.framework in Frameworks */ = {isa = PBXBuildFile; fileRef = A8E5999388AA3AD7B5C5BCEC /* Pods.framework */; };
/* End PBXBuildFile section */

/* Begin PBXContainerItemProxy section */
		1877B7221CDA488700B3CF9D /* PBXContainerItemProxy */ = {
			isa = PBXContainerItemProxy;
			containerPortal = 1877B7051CDA488600B3CF9D /* Project object */;
			proxyType = 1;
			remoteGlobalIDString = 1877B70C1CDA488700B3CF9D;
			remoteInfo = Example;
		};
/* End PBXContainerItemProxy section */

/* Begin PBXFileReference section */
		1877B70D1CDA488700B3CF9D /* Example.app */ = {isa = PBXFileReference; explicitFileType = wrapper.application; includeInIndex = 0; path = Example.app; sourceTree = BUILT_PRODUCTS_DIR; };
		1877B7101CDA488700B3CF9D /* AppDelegate.swift */ = {isa = PBXFileReference; lastKnownFileType = sourcecode.swift; path = AppDelegate.swift; sourceTree = "<group>"; };
		1877B7121CDA488700B3CF9D /* ViewController.swift */ = {isa = PBXFileReference; lastKnownFileType = sourcecode.swift; path = ViewController.swift; sourceTree = "<group>"; };
		1877B7151CDA488700B3CF9D /* Base */ = {isa = PBXFileReference; lastKnownFileType = file.storyboard; name = Base; path = Base.lproj/Main.storyboard; sourceTree = "<group>"; };
		1877B7171CDA488700B3CF9D /* Assets.xcassets */ = {isa = PBXFileReference; lastKnownFileType = folder.assetcatalog; path = Assets.xcassets; sourceTree = "<group>"; };
		1877B71A1CDA488700B3CF9D /* Base */ = {isa = PBXFileReference; lastKnownFileType = file.storyboard; name = Base; path = Base.lproj/LaunchScreen.storyboard; sourceTree = "<group>"; };
		1877B71C1CDA488700B3CF9D /* Info.plist */ = {isa = PBXFileReference; lastKnownFileType = text.plist.xml; path = Info.plist; sourceTree = "<group>"; };
		1877B7211CDA488700B3CF9D /* ExampleTests.xctest */ = {isa = PBXFileReference; explicitFileType = wrapper.cfbundle; includeInIndex = 0; path = ExampleTests.xctest; sourceTree = BUILT_PRODUCTS_DIR; };
		1877B7251CDA488700B3CF9D /* ExampleTests.swift */ = {isa = PBXFileReference; lastKnownFileType = sourcecode.swift; path = ExampleTests.swift; sourceTree = "<group>"; };
		1877B7271CDA488700B3CF9D /* Info.plist */ = {isa = PBXFileReference; lastKnownFileType = text.plist.xml; path = Info.plist; sourceTree = "<group>"; };
		1877B7341CDA51EF00B3CF9D /* AnimatedSearchBar.swift */ = {isa = PBXFileReference; fileEncoding = 4; lastKnownFileType = sourcecode.swift; path = AnimatedSearchBar.swift; sourceTree = "<group>"; };
		45050C895BBE7BA652BC55E2 /* Pods.release.xcconfig */ = {isa = PBXFileReference; includeInIndex = 1; lastKnownFileType = text.xcconfig; name = Pods.release.xcconfig; path = "Pods/Target Support Files/Pods/Pods.release.xcconfig"; sourceTree = "<group>"; };
		A8E5999388AA3AD7B5C5BCEC /* Pods.framework */ = {isa = PBXFileReference; explicitFileType = wrapper.framework; includeInIndex = 0; path = Pods.framework; sourceTree = BUILT_PRODUCTS_DIR; };
		D6B1E316298AC4FCFBB25BCB /* Pods.debug.xcconfig */ = {isa = PBXFileReference; includeInIndex = 1; lastKnownFileType = text.xcconfig; name = Pods.debug.xcconfig; path = "Pods/Target Support Files/Pods/Pods.debug.xcconfig"; sourceTree = "<group>"; };
/* End PBXFileReference section */

/* Begin PBXFrameworksBuildPhase section */
		1877B70A1CDA488700B3CF9D /* Frameworks */ = {
			isa = PBXFrameworksBuildPhase;
			buildActionMask = 2147483647;
			files = (
				BB45E270492917B2B334C9ED /* Pods.framework in Frameworks */,
			);
			runOnlyForDeploymentPostprocessing = 0;
		};
		1877B71E1CDA488700B3CF9D /* Frameworks */ = {
			isa = PBXFrameworksBuildPhase;
			buildActionMask = 2147483647;
			files = (
			);
			runOnlyForDeploymentPostprocessing = 0;
		};
/* End PBXFrameworksBuildPhase section */

/* Begin PBXGroup section */
		1877B7041CDA488600B3CF9D = {
			isa = PBXGroup;
			children = (
				1877B70F1CDA488700B3CF9D /* Example */,
				1877B7241CDA488700B3CF9D /* ExampleTests */,
				1877B70E1CDA488700B3CF9D /* Products */,
				6A2E205A2A90EAD44F5537A0 /* Pods */,
				5222328E979DE08B75A9EF98 /* Frameworks */,
			);
			sourceTree = "<group>";
		};
		1877B70E1CDA488700B3CF9D /* Products */ = {
			isa = PBXGroup;
			children = (
				1877B70D1CDA488700B3CF9D /* Example.app */,
				1877B7211CDA488700B3CF9D /* ExampleTests.xctest */,
			);
			name = Products;
			sourceTree = "<group>";
		};
		1877B70F1CDA488700B3CF9D /* Example */ = {
			isa = PBXGroup;
			children = (
				1877B7341CDA51EF00B3CF9D /* AnimatedSearchBar.swift */,
				1877B7101CDA488700B3CF9D /* AppDelegate.swift */,
				1877B7121CDA488700B3CF9D /* ViewController.swift */,
				1877B7141CDA488700B3CF9D /* Main.storyboard */,
				1877B7171CDA488700B3CF9D /* Assets.xcassets */,
				1877B7191CDA488700B3CF9D /* LaunchScreen.storyboard */,
				1877B71C1CDA488700B3CF9D /* Info.plist */,
			);
			path = Example;
			sourceTree = "<group>";
		};
		1877B7241CDA488700B3CF9D /* ExampleTests */ = {
			isa = PBXGroup;
			children = (
				1877B7251CDA488700B3CF9D /* ExampleTests.swift */,
				1877B7271CDA488700B3CF9D /* Info.plist */,
			);
			path = ExampleTests;
			sourceTree = "<group>";
		};
		5222328E979DE08B75A9EF98 /* Frameworks */ = {
			isa = PBXGroup;
			children = (
				A8E5999388AA3AD7B5C5BCEC /* Pods.framework */,
			);
			name = Frameworks;
			sourceTree = "<group>";
		};
		6A2E205A2A90EAD44F5537A0 /* Pods */ = {
			isa = PBXGroup;
			children = (
				D6B1E316298AC4FCFBB25BCB /* Pods.debug.xcconfig */,
				45050C895BBE7BA652BC55E2 /* Pods.release.xcconfig */,
			);
			name = Pods;
			sourceTree = "<group>";
		};
/* End PBXGroup section */

/* Begin PBXNativeTarget section */
		1877B70C1CDA488700B3CF9D /* Example */ = {
			isa = PBXNativeTarget;
			buildConfigurationList = 1877B72A1CDA488700B3CF9D /* Build configuration list for PBXNativeTarget "Example" */;
			buildPhases = (
				FCD421785503B55D22A978D7 /* Check Pods Manifest.lock */,
				1877B7091CDA488700B3CF9D /* Sources */,
				1877B70A1CDA488700B3CF9D /* Frameworks */,
				1877B70B1CDA488700B3CF9D /* Resources */,
				D50AE3B8F02BD644A4DF316F /* Embed Pods Frameworks */,
				F8C2F8CF6954A17C6270B095 /* Copy Pods Resources */,
			);
			buildRules = (
			);
			dependencies = (
			);
			name = Example;
			productName = Example;
			productReference = 1877B70D1CDA488700B3CF9D /* Example.app */;
			productType = "com.apple.product-type.application";
		};
		1877B7201CDA488700B3CF9D /* ExampleTests */ = {
			isa = PBXNativeTarget;
			buildConfigurationList = 1877B72D1CDA488700B3CF9D /* Build configuration list for PBXNativeTarget "ExampleTests" */;
			buildPhases = (
				1877B71D1CDA488700B3CF9D /* Sources */,
				1877B71E1CDA488700B3CF9D /* Frameworks */,
				1877B71F1CDA488700B3CF9D /* Resources */,
			);
			buildRules = (
			);
			dependencies = (
				1877B7231CDA488700B3CF9D /* PBXTargetDependency */,
			);
			name = ExampleTests;
			productName = ExampleTests;
			productReference = 1877B7211CDA488700B3CF9D /* ExampleTests.xctest */;
			productType = "com.apple.product-type.bundle.unit-test";
		};
/* End PBXNativeTarget section */

/* Begin PBXProject section */
		1877B7051CDA488600B3CF9D /* Project object */ = {
			isa = PBXProject;
			attributes = {
				LastSwiftUpdateCheck = 0730;
				LastUpgradeCheck = 0730;
				ORGANIZATIONNAME = luiyezheng;
				TargetAttributes = {
					1877B70C1CDA488700B3CF9D = {
						CreatedOnToolsVersion = 7.3;
					};
					1877B7201CDA488700B3CF9D = {
						CreatedOnToolsVersion = 7.3;
						TestTargetID = 1877B70C1CDA488700B3CF9D;
					};
				};
			};
			buildConfigurationList = 1877B7081CDA488600B3CF9D /* Build configuration list for PBXProject "Example" */;
			compatibilityVersion = "Xcode 3.2";
			developmentRegion = English;
			hasScannedForEncodings = 0;
			knownRegions = (
				en,
				Base,
			);
			mainGroup = 1877B7041CDA488600B3CF9D;
			productRefGroup = 1877B70E1CDA488700B3CF9D /* Products */;
			projectDirPath = "";
			projectRoot = "";
			targets = (
				1877B70C1CDA488700B3CF9D /* Example */,
				1877B7201CDA488700B3CF9D /* ExampleTests */,
			);
		};
/* End PBXProject section */

/* Begin PBXResourcesBuildPhase section */
		1877B70B1CDA488700B3CF9D /* Resources */ = {
			isa = PBXResourcesBuildPhase;
			buildActionMask = 2147483647;
			files = (
				1877B71B1CDA488700B3CF9D /* LaunchScreen.storyboard in Resources */,
				1877B7181CDA488700B3CF9D /* Assets.xcassets in Resources */,
				1877B7161CDA488700B3CF9D /* Main.storyboard in Resources */,
			);
			runOnlyForDeploymentPostprocessing = 0;
		};
		1877B71F1CDA488700B3CF9D /* Resources */ = {
			isa = PBXResourcesBuildPhase;
			buildActionMask = 2147483647;
			files = (
			);
			runOnlyForDeploymentPostprocessing = 0;
		};
/* End PBXResourcesBuildPhase section */

/* Begin PBXShellScriptBuildPhase section */
		D50AE3B8F02BD644A4DF316F /* Embed Pods Frameworks */ = {
			isa = PBXShellScriptBuildPhase;
			buildActionMask = 2147483647;
			files = (
			);
			inputPaths = (
			);
			name = "Embed Pods Frameworks";
			outputPaths = (
			);
			runOnlyForDeploymentPostprocessing = 0;
			shellPath = /bin/sh;
			shellScript = "\"${SRCROOT}/Pods/Target Support Files/Pods/Pods-frameworks.sh\"\n";
			showEnvVarsInLog = 0;
		};
		F8C2F8CF6954A17C6270B095 /* Copy Pods Resources */ = {
			isa = PBXShellScriptBuildPhase;
			buildActionMask = 2147483647;
			files = (
			);
			inputPaths = (
			);
			name = "Copy Pods Resources";
			outputPaths = (
			);
			runOnlyForDeploymentPostprocessing = 0;
			shellPath = /bin/sh;
			shellScript = "\"${SRCROOT}/Pods/Target Support Files/Pods/Pods-resources.sh\"\n";
			showEnvVarsInLog = 0;
		};
		FCD421785503B55D22A978D7 /* Check Pods Manifest.lock */ = {
			isa = PBXShellScriptBuildPhase;
			buildActionMask = 2147483647;
			files = (
			);
			inputPaths = (
			);
			name = "Check Pods Manifest.lock";
			outputPaths = (
			);
			runOnlyForDeploymentPostprocessing = 0;
			shellPath = /bin/sh;
			shellScript = "diff \"${PODS_ROOT}/../Podfile.lock\" \"${PODS_ROOT}/Manifest.lock\" > /dev/null\nif [[ $? != 0 ]] ; then\n    cat << EOM\nerror: The sandbox is not in sync with the Podfile.lock. Run 'pod install' or update your CocoaPods installation.\nEOM\n    exit 1\nfi\n";
			showEnvVarsInLog = 0;
		};
/* End PBXShellScriptBuildPhase section */

/* Begin PBXSourcesBuildPhase section */
		1877B7091CDA488700B3CF9D /* Sources */ = {
			isa = PBXSourcesBuildPhase;
			buildActionMask = 2147483647;
			files = (
				1877B7131CDA488700B3CF9D /* ViewController.swift in Sources */,
				1877B7111CDA488700B3CF9D /* AppDelegate.swift in Sources */,
				1877B7351CDA51EF00B3CF9D /* AnimatedSearchBar.swift in Sources */,
			);
			runOnlyForDeploymentPostprocessing = 0;
		};
		1877B71D1CDA488700B3CF9D /* Sources */ = {
			isa = PBXSourcesBuildPhase;
			buildActionMask = 2147483647;
			files = (
				1877B7261CDA488700B3CF9D /* ExampleTests.swift in Sources */,
			);
			runOnlyForDeploymentPostprocessing = 0;
		};
/* End PBXSourcesBuildPhase section */

/* Begin PBXTargetDependency section */
		1877B7231CDA488700B3CF9D /* PBXTargetDependency */ = {
			isa = PBXTargetDependency;
			target = 1877B70C1CDA488700B3CF9D /* Example */;
			targetProxy = 1877B7221CDA488700B3CF9D /* PBXContainerItemProxy */;
		};
/* End PBXTargetDependency section */

/* Begin PBXVariantGroup section */
		1877B7141CDA488700B3CF9D /* Main.storyboard */ = {
			isa = PBXVariantGroup;
			children = (
				1877B7151CDA488700B3CF9D /* Base */,
			);
			name = Main.storyboard;
			sourceTree = "<group>";
		};
		1877B7191CDA488700B3CF9D /* LaunchScreen.storyboard */ = {
			isa = PBXVariantGroup;
			children = (
				1877B71A1CDA488700B3CF9D /* Base */,
			);
			name = LaunchScreen.storyboard;
			sourceTree = "<group>";
		};
/* End PBXVariantGroup section */

/* Begin XCBuildConfiguration section */
		1877B7281CDA488700B3CF9D /* Debug */ = {
			isa = XCBuildConfiguration;
			buildSettings = {
				ALWAYS_SEARCH_USER_PATHS = NO;
				CLANG_ANALYZER_NONNULL = YES;
				CLANG_CXX_LANGUAGE_STANDARD = "gnu++0x";
				CLANG_CXX_LIBRARY = "libc++";
				CLANG_ENABLE_MODULES = YES;
				CLANG_ENABLE_OBJC_ARC = YES;
				CLANG_WARN_BOOL_CONVERSION = YES;
				CLANG_WARN_CONSTANT_CONVERSION = YES;
				CLANG_WARN_DIRECT_OBJC_ISA_USAGE = YES_ERROR;
				CLANG_WARN_EMPTY_BODY = YES;
				CLANG_WARN_ENUM_CONVERSION = YES;
				CLANG_WARN_INT_CONVERSION = YES;
				CLANG_WARN_OBJC_ROOT_CLASS = YES_ERROR;
				CLANG_WARN_UNREACHABLE_CODE = YES;
				CLANG_WARN__DUPLICATE_METHOD_MATCH = YES;
				"CODE_SIGN_IDENTITY[sdk=iphoneos*]" = "iPhone Developer";
				COPY_PHASE_STRIP = NO;
				DEBUG_INFORMATION_FORMAT = dwarf;
				ENABLE_STRICT_OBJC_MSGSEND = YES;
				ENABLE_TESTABILITY = YES;
				GCC_C_LANGUAGE_STANDARD = gnu99;
				GCC_DYNAMIC_NO_PIC = NO;
				GCC_NO_COMMON_BLOCKS = YES;
				GCC_OPTIMIZATION_LEVEL = 0;
				GCC_PREPROCESSOR_DEFINITIONS = (
					"DEBUG=1",
					"$(inherited)",
				);
				GCC_WARN_64_TO_32_BIT_CONVERSION = YES;
				GCC_WARN_ABOUT_RETURN_TYPE = YES_ERROR;
				GCC_WARN_UNDECLARED_SELECTOR = YES;
				GCC_WARN_UNINITIALIZED_AUTOS = YES_AGGRESSIVE;
				GCC_WARN_UNUSED_FUNCTION = YES;
				GCC_WARN_UNUSED_VARIABLE = YES;
				IPHONEOS_DEPLOYMENT_TARGET = 9.3;
				MTL_ENABLE_DEBUG_INFO = YES;
				ONLY_ACTIVE_ARCH = YES;
				SDKROOT = iphoneos;
				SWIFT_OPTIMIZATION_LEVEL = "-Onone";
				TARGETED_DEVICE_FAMILY = "1,2";
			};
			name = Debug;
		};
		1877B7291CDA488700B3CF9D /* Release */ = {
			isa = XCBuildConfiguration;
			buildSettings = {
				ALWAYS_SEARCH_USER_PATHS = NO;
				CLANG_ANALYZER_NONNULL = YES;
				CLANG_CXX_LANGUAGE_STANDARD = "gnu++0x";
				CLANG_CXX_LIBRARY = "libc++";
				CLANG_ENABLE_MODULES = YES;
				CLANG_ENABLE_OBJC_ARC = YES;
				CLANG_WARN_BOOL_CONVERSION = YES;
				CLANG_WARN_CONSTANT_CONVERSION = YES;
				CLANG_WARN_DIRECT_OBJC_ISA_USAGE = YES_ERROR;
				CLANG_WARN_EMPTY_BODY = YES;
				CLANG_WARN_ENUM_CONVERSION = YES;
				CLANG_WARN_INT_CONVERSION = YES;
				CLANG_WARN_OBJC_ROOT_CLASS = YES_ERROR;
				CLANG_WARN_UNREACHABLE_CODE = YES;
				CLANG_WARN__DUPLICATE_METHOD_MATCH = YES;
				"CODE_SIGN_IDENTITY[sdk=iphoneos*]" = "iPhone Developer";
				COPY_PHASE_STRIP = NO;
				DEBUG_INFORMATION_FORMAT = "dwarf-with-dsym";
				ENABLE_NS_ASSERTIONS = NO;
				ENABLE_STRICT_OBJC_MSGSEND = YES;
				GCC_C_LANGUAGE_STANDARD = gnu99;
				GCC_NO_COMMON_BLOCKS = YES;
				GCC_WARN_64_TO_32_BIT_CONVERSION = YES;
				GCC_WARN_ABOUT_RETURN_TYPE = YES_ERROR;
				GCC_WARN_UNDECLARED_SELECTOR = YES;
				GCC_WARN_UNINITIALIZED_AUTOS = YES_AGGRESSIVE;
				GCC_WARN_UNUSED_FUNCTION = YES;
				GCC_WARN_UNUSED_VARIABLE = YES;
				IPHONEOS_DEPLOYMENT_TARGET = 9.3;
				MTL_ENABLE_DEBUG_INFO = NO;
				SDKROOT = iphoneos;
				TARGETED_DEVICE_FAMILY = "1,2";
				VALIDATE_PRODUCT = YES;
			};
			name = Release;
		};
		1877B72B1CDA488700B3CF9D /* Debug */ = {
			isa = XCBuildConfiguration;
			baseConfigurationReference = D6B1E316298AC4FCFBB25BCB /* Pods.debug.xcconfig */;
			buildSettings = {
				ASSETCATALOG_COMPILER_APPICON_NAME = AppIcon;
				INFOPLIST_FILE = Example/Info.plist;
				LD_RUNPATH_SEARCH_PATHS = "$(inherited) @executable_path/Frameworks";
				PRODUCT_BUNDLE_IDENTIFIER = luiyezheng.Example;
				PRODUCT_NAME = "$(TARGET_NAME)";
			};
			name = Debug;
		};
		1877B72C1CDA488700B3CF9D /* Release */ = {
			isa = XCBuildConfiguration;
			baseConfigurationReference = 45050C895BBE7BA652BC55E2 /* Pods.release.xcconfig */;
			buildSettings = {
				ASSETCATALOG_COMPILER_APPICON_NAME = AppIcon;
				INFOPLIST_FILE = Example/Info.plist;
				LD_RUNPATH_SEARCH_PATHS = "$(inherited) @executable_path/Frameworks";
				PRODUCT_BUNDLE_IDENTIFIER = luiyezheng.Example;
				PRODUCT_NAME = "$(TARGET_NAME)";
			};
			name = Release;
		};
		1877B72E1CDA488700B3CF9D /* Debug */ = {
			isa = XCBuildConfiguration;
			buildSettings = {
				BUNDLE_LOADER = "$(TEST_HOST)";
				INFOPLIST_FILE = ExampleTests/Info.plist;
				LD_RUNPATH_SEARCH_PATHS = "$(inherited) @executable_path/Frameworks @loader_path/Frameworks";
				PRODUCT_BUNDLE_IDENTIFIER = luiyezheng.ExampleTests;
				PRODUCT_NAME = "$(TARGET_NAME)";
				TEST_HOST = "$(BUILT_PRODUCTS_DIR)/Example.app/Example";
			};
			name = Debug;
		};
		1877B72F1CDA488700B3CF9D /* Release */ = {
			isa = XCBuildConfiguration;
			buildSettings = {
				BUNDLE_LOADER = "$(TEST_HOST)";
				INFOPLIST_FILE = ExampleTests/Info.plist;
				LD_RUNPATH_SEARCH_PATHS = "$(inherited) @executable_path/Frameworks @loader_path/Frameworks";
				PRODUCT_BUNDLE_IDENTIFIER = luiyezheng.ExampleTests;
				PRODUCT_NAME = "$(TARGET_NAME)";
				TEST_HOST = "$(BUILT_PRODUCTS_DIR)/Example.app/Example";
			};
			name = Release;
		};
/* End XCBuildConfiguration section */

/* Begin XCConfigurationList section */
		1877B7081CDA488600B3CF9D /* Build configuration list for PBXProject "Example" */ = {
			isa = XCConfigurationList;
			buildConfigurations = (
				1877B7281CDA488700B3CF9D /* Debug */,
				1877B7291CDA488700B3CF9D /* Release */,
			);
			defaultConfigurationIsVisible = 0;
			defaultConfigurationName = Release;
		};
		1877B72A1CDA488700B3CF9D /* Build configuration list for PBXNativeTarget "Example" */ = {
			isa = XCConfigurationList;
			buildConfigurations = (
				1877B72B1CDA488700B3CF9D /* Debug */,
				1877B72C1CDA488700B3CF9D /* Release */,
			);
			defaultConfigurationIsVisible = 0;
			defaultConfigurationName = Release;
		};
		1877B72D1CDA488700B3CF9D /* Build configuration list for PBXNativeTarget "ExampleTests" */ = {
			isa = XCConfigurationList;
			buildConfigurations = (
				1877B72E1CDA488700B3CF9D /* Debug */,
				1877B72F1CDA488700B3CF9D /* Release */,
			);
			defaultConfigurationIsVisible = 0;
			defaultConfigurationName = Release;
		};
/* End XCConfigurationList section */
	};
	rootObject = 1877B7051CDA488600B3CF9D /* Project object */;
}
